
Microsoft Visual Studio Solution File, Format Version 12.00
# Visual Studio Version 17
VisualStudioVersion = 17.0.31912.275
MinimumVisualStudioVersion = 10.0.40219.1
Project("{9A19103F-16F7-4668-BE54-9A1E7A4F7556}") = "Mixtape", "Mixtape\Mixtape.csproj", "{33CD6E46-CD81-42C3-9019-C0EAD557EE99}"
EndProject
Project("{9A19103F-16F7-4668-BE54-9A1E7A4F7556}") = "Mixtape.Raven", "Mixtape.Raven\Mixtape.Raven.csproj", "{DC79D7EA-FAA1-4701-9C36-8295CD1C45D0}"
EndProject
Project("{FAE04EC0-301F-11D3-BF4B-00C04F79EFBC}") = "Mixtape.Sqlite", "Mixtape.Sqlite\Mixtape.Sqlite.csproj", "{A57D88BC-952F-4311-B474-26FBF0FA957E}"
EndProject
Project("{FAE04EC0-301F-11D3-BF4B-00C04F79EFBC}") = "mixtape.Sqlite.Fisher", "Mixtape.Sqlite.Fisher\mixtape.Sqlite.Fisher.csproj", "{E4ADCA6A-4EF2-42BD-BF1C-4D9A76B8C5D7}"
EndProject
Global
	GlobalSection(SolutionConfigurationPlatforms) = preSolution
		Debug|Any CPU = Debug|Any CPU
		Release|Any CPU = Release|Any CPU
	EndGlobalSection
	GlobalSection(ProjectConfigurationPlatforms) = postSolution
		{33CD6E46-CD81-42C3-9019-C0EAD557EE99}.Debug|Any CPU.ActiveCfg = Debug|Any CPU
		{33CD6E46-CD81-42C3-9019-C0EAD557EE99}.Debug|Any CPU.Build.0 = Debug|Any CPU
		{33CD6E46-CD81-42C3-9019-C0EAD557EE99}.Release|Any CPU.ActiveCfg = Release|Any CPU
		{33CD6E46-CD81-42C3-9019-C0EAD557EE99}.Release|Any CPU.Build.0 = Release|Any CPU
		{DC79D7EA-FAA1-4701-9C36-8295CD1C45D0}.Debug|Any CPU.ActiveCfg = Debug|Any CPU
		{DC79D7EA-FAA1-4701-9C36-8295CD1C45D0}.Debug|Any CPU.Build.0 = Debug|Any CPU
		{DC79D7EA-FAA1-4701-9C36-8295CD1C45D0}.Release|Any CPU.ActiveCfg = Release|Any CPU
		{DC79D7EA-FAA1-4701-9C36-8295CD1C45D0}.Release|Any CPU.Build.0 = Release|Any CPU
		{A57D88BC-952F-4311-B474-26FBF0FA957E}.Debug|Any CPU.ActiveCfg = Debug|Any CPU
		{A57D88BC-952F-4311-B474-26FBF0FA957E}.Debug|Any CPU.Build.0 = Debug|Any CPU
		{A57D88BC-952F-4311-B474-26FBF0FA957E}.Release|Any CPU.ActiveCfg = Release|Any CPU
		{A57D88BC-952F-4311-B474-26FBF0FA957E}.Release|Any CPU.Build.0 = Release|Any CPU
		{E4ADCA6A-4EF2-42BD-BF1C-4D9A76B8C5D7}.Debug|Any CPU.ActiveCfg = Debug|Any CPU
		{E4ADCA6A-4EF2-42BD-BF1C-4D9A76B8C5D7}.Debug|Any CPU.Build.0 = Debug|Any CPU
		{E4ADCA6A-4EF2-42BD-BF1C-4D9A76B8C5D7}.Release|Any CPU.ActiveCfg = Release|Any CPU
		{E4ADCA6A-4EF2-42BD-BF1C-4D9A76B8C5D7}.Release|Any CPU.Build.0 = Release|Any CPU
	EndGlobalSection
	GlobalSection(SolutionProperties) = preSolution
		HideSolutionNode = FALSE
	EndGlobalSection
	GlobalSection(ExtensibilityGlobals) = postSolution
		SolutionGuid = {AD3F31B9-8BBB-4334-9571-F556B9E632C9}
	EndGlobalSection
EndGlobal
